<?xml version="1.0" encoding="utf-8"?>
<Project ToolsVersion="17.0" xmlns="http://schemas.microsoft.com/developer/msbuild/2003">
  <ItemGroup>
    <CustomBuild Include="C:\Users\Lenovo\Documents\Learn OpenGL\CMakeFiles\815ac17e1cfa1ea10c110905af358a96\generate.stamp.rule">
      <Filter>CMake Rules</Filter>
    </CustomBuild>
  </ItemGroup>
  <ItemGroup>
    <Filter Include="CMake Rules">
      <UniqueIdentifier>{DCD4191E-8E43-31D0-8455-433EB01727AD}</UniqueIdentifier>
    </Filter>
  </ItemGroup>
</Project>
